// !$*UTF8*$!
{
	archiveVersion = 1;
	classes = {
	};
	objectVersion = 77;
	objects = {

/* Begin PBXBuildFile section */
		2266857A2E7C1B7600BF6318 /* LaunchScreen.storyboard in Resources */ = {isa = PBXBuildFile; fileRef = 6E5FE8102E730E6C00104B1A /* LaunchScreen.storyboard */; };
		676E2C162E7097B20074641F /* AppDelegate.swift in Sources */ = {isa = PBXBuildFile; fileRef = 676E2C0D2E7097B20074641F /* AppDelegate.swift */; };
		676E2C172E7097B20074641F /* EventDetailsVC.swift in Sources */ = {isa = PBXBuildFile; fileRef = 676E2C0F2E7097B20074641F /* EventDetailsVC.swift */; };
		676E2C182E7097B20074641F /* SceneDelegate.swift in Sources */ = {isa = PBXBuildFile; fileRef = 676E2C132E7097B20074641F /* SceneDelegate.swift */; };
		676E2C192E7097B20074641F /* ViewController.swift in Sources */ = {isa = PBXBuildFile; fileRef = 676E2C142E7097B20074641F /* ViewController.swift */; };
		67BFCC072E748562003B13A9 /* EventDetailsCell.swift in Sources */ = {isa = PBXBuildFile; fileRef = 67BFCC062E748562003B13A9 /* EventDetailsCell.swift */; };
		67BFCCF32E759DBC003B13A9 /* ShareVC.swift in Sources */ = {isa = PBXBuildFile; fileRef = 67BFCCF22E759DBC003B13A9 /* ShareVC.swift */; };
		6E5FE8122E730E6C00104B1A /* Constants.swift in Sources */ = {isa = PBXBuildFile; fileRef = 6E5FE80E2E730E6C00104B1A /* Constants.swift */; };
		6E5FE8142E730E6C00104B1A /* Assets.xcassets in Resources */ = {isa = PBXBuildFile; fileRef = 6E5FE80D2E730E6C00104B1A /* Assets.xcassets */; };
		6E5FEA6D2E74666600104B1A /* AirbnbCereal_W_Lt.otf in Resources */ = {isa = PBXBuildFile; fileRef = 6E5FEA6A2E74666600104B1A /* AirbnbCereal_W_Lt.otf */; };
		6E5FEA6E2E74666600104B1A /* AirbnbCereal_W_Bk.otf in Resources */ = {isa = PBXBuildFile; fileRef = 6E5FEA682E74666600104B1A /* AirbnbCereal_W_Bk.otf */; };
		6E5FEA6F2E74666600104B1A /* AirbnbCereal_W_Bd.otf in Resources */ = {isa = PBXBuildFile; fileRef = 6E5FEA672E74666600104B1A /* AirbnbCereal_W_Bd.otf */; };
		6E5FEA702E74666600104B1A /* AirbnbCereal_W_Blk.otf in Resources */ = {isa = PBXBuildFile; fileRef = 6E5FEA692E74666600104B1A /* AirbnbCereal_W_Blk.otf */; };
		6E5FEA712E74666600104B1A /* AirbnbCereal_W_Md.otf in Resources */ = {isa = PBXBuildFile; fileRef = 6E5FEA6B2E74666600104B1A /* AirbnbCereal_W_Md.otf */; };
		6E5FEA722E74666600104B1A /* AirbnbCereal_W_XBd.otf in Resources */ = {isa = PBXBuildFile; fileRef = 6E5FEA6C2E74666600104B1A /* AirbnbCereal_W_XBd.otf */; };
		6EC0D1C42E802E0E00D37E99 /* GoogleService-Info.plist in Resources */ = {isa = PBXBuildFile; fileRef = 6EC0D1C32E802E0E00D37E99 /* GoogleService-Info.plist */; };
		6EC0D1C72E802FF500D37E99 /* GoogleSignIn in Frameworks */ = {isa = PBXBuildFile; productRef = 6EC0D1C62E802FF500D37E99 /* GoogleSignIn */; };
		6EC0D1C92E802FF500D37E99 /* GoogleSignInSwift in Frameworks */ = {isa = PBXBuildFile; productRef = 6EC0D1C82E802FF500D37E99 /* GoogleSignInSwift */; };
		6EC0D1CC2E80303C00D37E99 /* FirebaseAuth in Frameworks */ = {isa = PBXBuildFile; productRef = 6EC0D1CB2E80303C00D37E99 /* FirebaseAuth */; };
		6EC0D1CE2E80303C00D37E99 /* FirebaseCore in Frameworks */ = {isa = PBXBuildFile; productRef = 6EC0D1CD2E80303C00D37E99 /* FirebaseCore */; };
		6EC0D1D02E80303C00D37E99 /* FirebaseStorage in Frameworks */ = {isa = PBXBuildFile; productRef = 6EC0D1CF2E80303C00D37E99 /* FirebaseStorage */; };
		9F7CF4D12E80C2F90022A1C2 /* Kingfisher in Frameworks */ = {isa = PBXBuildFile; productRef = 9F7CF4D02E80C2F90022A1C2 /* Kingfisher */; };
		9FE3F9D32E75C8C800344DEF /* ExploreCollectionHeader.swift in Sources */ = {isa = PBXBuildFile; fileRef = 9FE3F9CE2E75C8C800344DEF /* ExploreCollectionHeader.swift */; };
		9FE3F9D52E75C8C800344DEF /* ExploreCollectionViewCell.swift in Sources */ = {isa = PBXBuildFile; fileRef = 9FE3F9CF2E75C8C800344DEF /* ExploreCollectionViewCell.swift */; };
		9FE3FA3A2E75F81300344DEF /* ExploreCellDateView.swift in Sources */ = {isa = PBXBuildFile; fileRef = 9FE3FA392E75F81300344DEF /* ExploreCellDateView.swift */; };
		9FE3FA4A2E76B06000344DEF /* SearchTextField.swift in Sources */ = {isa = PBXBuildFile; fileRef = 9FE3FA492E76B06000344DEF /* SearchTextField.swift */; };
		9FE3FAFB2E79644800344DEF /* ExploreTableViewCell.swift in Sources */ = {isa = PBXBuildFile; fileRef = 9FE3FAFA2E79644800344DEF /* ExploreTableViewCell.swift */; };
		9FE3FAFD2E798B4600344DEF /* ExploreCategoryCell.swift in Sources */ = {isa = PBXBuildFile; fileRef = 9FE3FAFC2E798B4600344DEF /* ExploreCategoryCell.swift */; };
		BEDECD0A2E7D8ACB00618361 /* AppAssembly.swift in Sources */ = {isa = PBXBuildFile; fileRef = BEDECD092E7D8ACB00618361 /* AppAssembly.swift */; };
		BEDECD0C2E7D8E8200618361 /* AppCoordinator.swift in Sources */ = {isa = PBXBuildFile; fileRef = BEDECD0B2E7D8E8200618361 /* AppCoordinator.swift */; };
		BEDECD0E2E7DADBB00618361 /* UDAppStateStore.swift in Sources */ = {isa = PBXBuildFile; fileRef = BEDECD0D2E7DADBB00618361 /* UDAppStateStore.swift */; };
		BEE372222E72EAAE002C9178 /* ListDTO.swift in Sources */ = {isa = PBXBuildFile; fileRef = BEE372212E72EAAE002C9178 /* ListDTO.swift */; };
		BEE372242E72EBAA002C9178 /* MovieDTO.swift in Sources */ = {isa = PBXBuildFile; fileRef = BEE372232E72EBAA002C9178 /* MovieDTO.swift */; };
		BEE372262E72EC7D002C9178 /* TodayEventDTO.swift in Sources */ = {isa = PBXBuildFile; fileRef = BEE372252E72EC7D002C9178 /* TodayEventDTO.swift */; };
		BEE372282E72EDF8002C9178 /* SearchEventDTO.swift in Sources */ = {isa = PBXBuildFile; fileRef = BEE372272E72EDF8002C9178 /* SearchEventDTO.swift */; };
		BEE3722A2E72EE1B002C9178 /* EventDTO.swift in Sources */ = {isa = PBXBuildFile; fileRef = BEE372292E72EE1B002C9178 /* EventDTO.swift */; };
		BEE3736C2E7AE94B002C9178 /* APIClient.swift in Sources */ = {isa = PBXBuildFile; fileRef = BEE3736B2E7AE94B002C9178 /* APIClient.swift */; };
		BEE3736E2E7AE97E002C9178 /* NetworkError.swift in Sources */ = {isa = PBXBuildFile; fileRef = BEE3736D2E7AE97E002C9178 /* NetworkError.swift */; };
		BEE373702E7AE9B1002C9178 /* EventAPISpec.swift in Sources */ = {isa = PBXBuildFile; fileRef = BEE3736F2E7AE9B1002C9178 /* EventAPISpec.swift */; };
		BEE373732E7AED21002C9178 /* EventAPIProtocols.swift in Sources */ = {isa = PBXBuildFile; fileRef = BEE373722E7AED21002C9178 /* EventAPIProtocols.swift */; };
		BEE373752E7AF251002C9178 /* EventAPIService.swift in Sources */ = {isa = PBXBuildFile; fileRef = BEE373742E7AF251002C9178 /* EventAPIService.swift */; };
		BEE373782E7B0201002C9178 /* APISmokeVC.swift in Sources */ = {isa = PBXBuildFile; fileRef = BEE373772E7B0201002C9178 /* APISmokeVC.swift */; };
/* End PBXBuildFile section */

/* Begin PBXFileReference section */
		676E2BE62E6F36470074641F /* EvenHub.app */ = {isa = PBXFileReference; explicitFileType = wrapper.application; includeInIndex = 0; path = EvenHub.app; sourceTree = BUILT_PRODUCTS_DIR; };
		676E2C0D2E7097B20074641F /* AppDelegate.swift */ = {isa = PBXFileReference; lastKnownFileType = sourcecode.swift; path = AppDelegate.swift; sourceTree = "<group>"; };
		676E2C0F2E7097B20074641F /* EventDetailsVC.swift */ = {isa = PBXFileReference; lastKnownFileType = sourcecode.swift; path = EventDetailsVC.swift; sourceTree = "<group>"; };
		676E2C102E7097B20074641F /* Info.plist */ = {isa = PBXFileReference; lastKnownFileType = text.plist.xml; path = Info.plist; sourceTree = "<group>"; };
		676E2C132E7097B20074641F /* SceneDelegate.swift */ = {isa = PBXFileReference; lastKnownFileType = sourcecode.swift; path = SceneDelegate.swift; sourceTree = "<group>"; };
		676E2C142E7097B20074641F /* ViewController.swift */ = {isa = PBXFileReference; lastKnownFileType = sourcecode.swift; path = ViewController.swift; sourceTree = "<group>"; };
		67BFCC062E748562003B13A9 /* EventDetailsCell.swift */ = {isa = PBXFileReference; lastKnownFileType = sourcecode.swift; path = EventDetailsCell.swift; sourceTree = "<group>"; };
		67BFCCF22E759DBC003B13A9 /* ShareVC.swift */ = {isa = PBXFileReference; lastKnownFileType = sourcecode.swift; path = ShareVC.swift; sourceTree = "<group>"; };
		6E5FE80D2E730E6C00104B1A /* Assets.xcassets */ = {isa = PBXFileReference; lastKnownFileType = folder.assetcatalog; path = Assets.xcassets; sourceTree = "<group>"; };
		6E5FE80E2E730E6C00104B1A /* Constants.swift */ = {isa = PBXFileReference; lastKnownFileType = sourcecode.swift; path = Constants.swift; sourceTree = "<group>"; };
		6E5FE80F2E730E6C00104B1A /* Base */ = {isa = PBXFileReference; lastKnownFileType = file.storyboard; name = Base; path = Base.lproj/LaunchScreen.storyboard; sourceTree = "<group>"; };
		6E5FEA672E74666600104B1A /* AirbnbCereal_W_Bd.otf */ = {isa = PBXFileReference; lastKnownFileType = file; path = AirbnbCereal_W_Bd.otf; sourceTree = "<group>"; };
		6E5FEA682E74666600104B1A /* AirbnbCereal_W_Bk.otf */ = {isa = PBXFileReference; lastKnownFileType = file; path = AirbnbCereal_W_Bk.otf; sourceTree = "<group>"; };
		6E5FEA692E74666600104B1A /* AirbnbCereal_W_Blk.otf */ = {isa = PBXFileReference; lastKnownFileType = file; path = AirbnbCereal_W_Blk.otf; sourceTree = "<group>"; };
		6E5FEA6A2E74666600104B1A /* AirbnbCereal_W_Lt.otf */ = {isa = PBXFileReference; lastKnownFileType = file; path = AirbnbCereal_W_Lt.otf; sourceTree = "<group>"; };
		6E5FEA6B2E74666600104B1A /* AirbnbCereal_W_Md.otf */ = {isa = PBXFileReference; lastKnownFileType = file; path = AirbnbCereal_W_Md.otf; sourceTree = "<group>"; };
		6E5FEA6C2E74666600104B1A /* AirbnbCereal_W_XBd.otf */ = {isa = PBXFileReference; lastKnownFileType = file; path = AirbnbCereal_W_XBd.otf; sourceTree = "<group>"; };
		6EC0D1C22E802E0000D37E99 /* EvenHub.entitlements */ = {isa = PBXFileReference; lastKnownFileType = text.plist.entitlements; path = EvenHub.entitlements; sourceTree = "<group>"; };
		6EC0D1C32E802E0E00D37E99 /* GoogleService-Info.plist */ = {isa = PBXFileReference; lastKnownFileType = text.plist.xml; path = "GoogleService-Info.plist"; sourceTree = "<group>"; };
		9FE3F9CE2E75C8C800344DEF /* ExploreCollectionHeader.swift */ = {isa = PBXFileReference; lastKnownFileType = sourcecode.swift; path = ExploreCollectionHeader.swift; sourceTree = "<group>"; };
		9FE3F9CF2E75C8C800344DEF /* ExploreCollectionViewCell.swift */ = {isa = PBXFileReference; lastKnownFileType = sourcecode.swift; path = ExploreCollectionViewCell.swift; sourceTree = "<group>"; };
		9FE3FA392E75F81300344DEF /* ExploreCellDateView.swift */ = {isa = PBXFileReference; lastKnownFileType = sourcecode.swift; path = ExploreCellDateView.swift; sourceTree = "<group>"; };
		9FE3FA492E76B06000344DEF /* SearchTextField.swift */ = {isa = PBXFileReference; lastKnownFileType = sourcecode.swift; path = SearchTextField.swift; sourceTree = "<group>"; };
		9FE3FAFA2E79644800344DEF /* ExploreTableViewCell.swift */ = {isa = PBXFileReference; lastKnownFileType = sourcecode.swift; path = ExploreTableViewCell.swift; sourceTree = "<group>"; };
		9FE3FAFC2E798B4600344DEF /* ExploreCategoryCell.swift */ = {isa = PBXFileReference; lastKnownFileType = sourcecode.swift; path = ExploreCategoryCell.swift; sourceTree = "<group>"; };
		BEDECD092E7D8ACB00618361 /* AppAssembly.swift */ = {isa = PBXFileReference; lastKnownFileType = sourcecode.swift; path = AppAssembly.swift; sourceTree = "<group>"; };
		BEDECD0B2E7D8E8200618361 /* AppCoordinator.swift */ = {isa = PBXFileReference; lastKnownFileType = sourcecode.swift; path = AppCoordinator.swift; sourceTree = "<group>"; };
		BEDECD0D2E7DADBB00618361 /* UDAppStateStore.swift */ = {isa = PBXFileReference; lastKnownFileType = sourcecode.swift; path = UDAppStateStore.swift; sourceTree = "<group>"; };
		BEE372212E72EAAE002C9178 /* ListDTO.swift */ = {isa = PBXFileReference; lastKnownFileType = sourcecode.swift; path = ListDTO.swift; sourceTree = "<group>"; };
		BEE372232E72EBAA002C9178 /* MovieDTO.swift */ = {isa = PBXFileReference; lastKnownFileType = sourcecode.swift; path = MovieDTO.swift; sourceTree = "<group>"; };
		BEE372252E72EC7D002C9178 /* TodayEventDTO.swift */ = {isa = PBXFileReference; lastKnownFileType = sourcecode.swift; path = TodayEventDTO.swift; sourceTree = "<group>"; };
		BEE372272E72EDF8002C9178 /* SearchEventDTO.swift */ = {isa = PBXFileReference; lastKnownFileType = sourcecode.swift; path = SearchEventDTO.swift; sourceTree = "<group>"; };
		BEE372292E72EE1B002C9178 /* EventDTO.swift */ = {isa = PBXFileReference; lastKnownFileType = sourcecode.swift; path = EventDTO.swift; sourceTree = "<group>"; };
		BEE3736B2E7AE94B002C9178 /* APIClient.swift */ = {isa = PBXFileReference; lastKnownFileType = sourcecode.swift; path = APIClient.swift; sourceTree = "<group>"; };
		BEE3736D2E7AE97E002C9178 /* NetworkError.swift */ = {isa = PBXFileReference; lastKnownFileType = sourcecode.swift; path = NetworkError.swift; sourceTree = "<group>"; };
		BEE3736F2E7AE9B1002C9178 /* EventAPISpec.swift */ = {isa = PBXFileReference; lastKnownFileType = sourcecode.swift; path = EventAPISpec.swift; sourceTree = "<group>"; };
		BEE373722E7AED21002C9178 /* EventAPIProtocols.swift */ = {isa = PBXFileReference; lastKnownFileType = sourcecode.swift; path = EventAPIProtocols.swift; sourceTree = "<group>"; };
		BEE373742E7AF251002C9178 /* EventAPIService.swift */ = {isa = PBXFileReference; lastKnownFileType = sourcecode.swift; path = EventAPIService.swift; sourceTree = "<group>"; };
		BEE373772E7B0201002C9178 /* APISmokeVC.swift */ = {isa = PBXFileReference; lastKnownFileType = sourcecode.swift; path = APISmokeVC.swift; sourceTree = "<group>"; };
/* End PBXFileReference section */

/* Begin PBXFileSystemSynchronizedRootGroup section */
		1B540A1A2E730ED600E9C3F3 /* OnboardingModule */ = {
			isa = PBXFileSystemSynchronizedRootGroup;
			path = OnboardingModule;
			sourceTree = "<group>";
		};
		1B540B822E78501600E9C3F3 /* ProfileModule */ = {
			isa = PBXFileSystemSynchronizedRootGroup;
			path = ProfileModule;
			sourceTree = "<group>";
		};
		1B540B972E7977A300E9C3F3 /* FavoritesModule */ = {
			isa = PBXFileSystemSynchronizedRootGroup;
			path = FavoritesModule;
			sourceTree = "<group>";
		};
		1B540D242E7AC89B00E9C3F3 /* SeeAllModule */ = {
			isa = PBXFileSystemSynchronizedRootGroup;
			path = SeeAllModule;
			sourceTree = "<group>";
		};
		1B540D582E7AEFDD00E9C3F3 /* CoreData */ = {
			isa = PBXFileSystemSynchronizedRootGroup;
			path = CoreData;
			sourceTree = "<group>";
		};
		223640C32E7722EE0078BBC9 /* CustomTabBar */ = {
			isa = PBXFileSystemSynchronizedRootGroup;
			path = CustomTabBar;
			sourceTree = "<group>";
		};
		22E8C8CB2E79BCE4003A2717 /* Events */ = {
			isa = PBXFileSystemSynchronizedRootGroup;
			path = Events;
			sourceTree = "<group>";
		};
		6EC0D1B62E802DEB00D37E99 /* Authentication Module */ = {
			isa = PBXFileSystemSynchronizedRootGroup;
			path = "Authentication Module";
			sourceTree = "<group>";
		};
		9F7CF2F52E7F2F1A0022A1C2 /* SearchScreen */ = {
			isa = PBXFileSystemSynchronizedRootGroup;
			path = SearchScreen;
			sourceTree = "<group>";
		};
		9FE3FA202E75F02A00344DEF /* Extension */ = {
			isa = PBXFileSystemSynchronizedRootGroup;
			path = Extension;
			sourceTree = "<group>";
		};
		9FE3FB0C2E7ADDC400344DEF /* Controllers */ = {
			isa = PBXFileSystemSynchronizedRootGroup;
			path = Controllers;
			sourceTree = "<group>";
		};
		9FE3FB0D2E7ADDD200344DEF /* ViewModels */ = {
			isa = PBXFileSystemSynchronizedRootGroup;
			path = ViewModels;
			sourceTree = "<group>";
		};
/* End PBXFileSystemSynchronizedRootGroup section */

/* Begin PBXFrameworksBuildPhase section */
		676E2BE32E6F36470074641F /* Frameworks */ = {
			isa = PBXFrameworksBuildPhase;
			buildActionMask = 2147483647;
			files = (
				9F7CF4D12E80C2F90022A1C2 /* Kingfisher in Frameworks */,
				6EC0D1C72E802FF500D37E99 /* GoogleSignIn in Frameworks */,
				6EC0D1CC2E80303C00D37E99 /* FirebaseAuth in Frameworks */,
				6EC0D1CE2E80303C00D37E99 /* FirebaseCore in Frameworks */,
				6EC0D1D02E80303C00D37E99 /* FirebaseStorage in Frameworks */,
				6EC0D1C92E802FF500D37E99 /* GoogleSignInSwift in Frameworks */,
			);
			runOnlyForDeploymentPostprocessing = 0;
		};
/* End PBXFrameworksBuildPhase section */

/* Begin PBXGroup section */
		676E2BDD2E6F36470074641F = {
			isa = PBXGroup;
			children = (
				676E2C152E7097B20074641F /* EvenHub */,
				676E2BE72E6F36470074641F /* Products */,
			);
			sourceTree = "<group>";
		};
		676E2BE72E6F36470074641F /* Products */ = {
			isa = PBXGroup;
			children = (
				676E2BE62E6F36470074641F /* EvenHub.app */,
			);
			name = Products;
			sourceTree = "<group>";
		};
		676E2C152E7097B20074641F /* EvenHub */ = {
			isa = PBXGroup;
			children = (
				BEDECD0F2E7DB37A00618361 /* UDStorage */,
				BEDECD082E7D893300618361 /* Router */,
				BEE373762E7B01D4002C9178 /* Test */,
				BEE373692E7AE8E3002C9178 /* Network */,
				1B540D242E7AC89B00E9C3F3 /* SeeAllModule */,
				1B540B972E7977A300E9C3F3 /* FavoritesModule */,
				1B540B822E78501600E9C3F3 /* ProfileModule */,
				67BFCCF12E759DA8003B13A9 /* ShareScreen */,
				1B540A1A2E730ED600E9C3F3 /* OnboardingModule */,
				BEE372202E72EA95002C9178 /* DTO */,
				676E2C0D2E7097B20074641F /* AppDelegate.swift */,
				676E2C1D2E7097B70074641F /* EventDetails */,
				676E2C102E7097B20074641F /* Info.plist */,
				676E2C132E7097B20074641F /* SceneDelegate.swift */,
				9FE3F9D22E75C8C800344DEF /* ExploreScreen */,
				676E2C142E7097B20074641F /* ViewController.swift */,
				9F7CF2F52E7F2F1A0022A1C2 /* SearchScreen */,
				6E5FE8112E730E6C00104B1A /* Supporting FIles */,
				223640C32E7722EE0078BBC9 /* CustomTabBar */,
				1B540D582E7AEFDD00E9C3F3 /* CoreData */,
				22E8C8CB2E79BCE4003A2717 /* Events */,
				6EC0D1B62E802DEB00D37E99 /* Authentication Module */,
				6EC0D1C22E802E0000D37E99 /* EvenHub.entitlements */,
				6EC0D1C32E802E0E00D37E99 /* GoogleService-Info.plist */,
			);
			path = EvenHub;
			sourceTree = "<group>";
		};
		676E2C1D2E7097B70074641F /* EventDetails */ = {
			isa = PBXGroup;
			children = (
				67BFCC062E748562003B13A9 /* EventDetailsCell.swift */,
				676E2C0F2E7097B20074641F /* EventDetailsVC.swift */,
			);
			path = EventDetails;
			sourceTree = "<group>";
		};
		67BFCCF12E759DA8003B13A9 /* ShareScreen */ = {
			isa = PBXGroup;
			children = (
				67BFCCF22E759DBC003B13A9 /* ShareVC.swift */,
			);
			path = ShareScreen;
			sourceTree = "<group>";
		};
		6E5FE80C2E730E6C00104B1A /* Fonts */ = {
			isa = PBXGroup;
			children = (
				6E5FEA672E74666600104B1A /* AirbnbCereal_W_Bd.otf */,
				6E5FEA682E74666600104B1A /* AirbnbCereal_W_Bk.otf */,
				6E5FEA692E74666600104B1A /* AirbnbCereal_W_Blk.otf */,
				6E5FEA6A2E74666600104B1A /* AirbnbCereal_W_Lt.otf */,
				6E5FEA6B2E74666600104B1A /* AirbnbCereal_W_Md.otf */,
				6E5FEA6C2E74666600104B1A /* AirbnbCereal_W_XBd.otf */,
			);
			path = Fonts;
			sourceTree = "<group>";
		};
		6E5FE8112E730E6C00104B1A /* Supporting FIles */ = {
			isa = PBXGroup;
			children = (
				6E5FE80C2E730E6C00104B1A /* Fonts */,
				6E5FE80D2E730E6C00104B1A /* Assets.xcassets */,
				9FE3FA202E75F02A00344DEF /* Extension */,
				6E5FE80E2E730E6C00104B1A /* Constants.swift */,
				6E5FE8102E730E6C00104B1A /* LaunchScreen.storyboard */,
			);
			path = "Supporting FIles";
			sourceTree = "<group>";
		};
		9FE3F9D02E75C8C800344DEF /* Views */ = {
			isa = PBXGroup;
			children = (
				9FE3F9CE2E75C8C800344DEF /* ExploreCollectionHeader.swift */,
				9FE3FA492E76B06000344DEF /* SearchTextField.swift */,
				9FE3FAFC2E798B4600344DEF /* ExploreCategoryCell.swift */,
				9FE3F9CF2E75C8C800344DEF /* ExploreCollectionViewCell.swift */,
				9FE3FAFA2E79644800344DEF /* ExploreTableViewCell.swift */,
				9FE3FA392E75F81300344DEF /* ExploreCellDateView.swift */,
			);
			path = Views;
			sourceTree = "<group>";
		};
		9FE3F9D22E75C8C800344DEF /* ExploreScreen */ = {
			isa = PBXGroup;
			children = (
				9FE3FB0D2E7ADDD200344DEF /* ViewModels */,
				9FE3F9D02E75C8C800344DEF /* Views */,
				9FE3FB0C2E7ADDC400344DEF /* Controllers */,
			);
			path = ExploreScreen;
			sourceTree = "<group>";
		};
		BEDECD082E7D893300618361 /* Router */ = {
			isa = PBXGroup;
			children = (
				BEDECD092E7D8ACB00618361 /* AppAssembly.swift */,
				BEDECD0B2E7D8E8200618361 /* AppCoordinator.swift */,
			);
			path = Router;
			sourceTree = "<group>";
		};
		BEDECD0F2E7DB37A00618361 /* UDStorage */ = {
			isa = PBXGroup;
			children = (
				BEDECD0D2E7DADBB00618361 /* UDAppStateStore.swift */,
			);
			path = UDStorage;
			sourceTree = "<group>";
		};
		BEE372202E72EA95002C9178 /* DTO */ = {
			isa = PBXGroup;
			children = (
				BEE372212E72EAAE002C9178 /* ListDTO.swift */,
				BEE372232E72EBAA002C9178 /* MovieDTO.swift */,
				BEE372252E72EC7D002C9178 /* TodayEventDTO.swift */,
				BEE372272E72EDF8002C9178 /* SearchEventDTO.swift */,
				BEE372292E72EE1B002C9178 /* EventDTO.swift */,
			);
			path = DTO;
			sourceTree = "<group>";
		};
		BEE373692E7AE8E3002C9178 /* Network */ = {
			isa = PBXGroup;
			children = (
				BEE373712E7AEA61002C9178 /* EventAPIService */,
				BEE3736A2E7AE922002C9178 /* APIService */,
			);
			path = Network;
			sourceTree = "<group>";
		};
		BEE3736A2E7AE922002C9178 /* APIService */ = {
			isa = PBXGroup;
			children = (
				BEE3736B2E7AE94B002C9178 /* APIClient.swift */,
				BEE3736D2E7AE97E002C9178 /* NetworkError.swift */,
				BEE3736F2E7AE9B1002C9178 /* EventAPISpec.swift */,
			);
			path = APIService;
			sourceTree = "<group>";
		};
		BEE373712E7AEA61002C9178 /* EventAPIService */ = {
			isa = PBXGroup;
			children = (
				BEE373722E7AED21002C9178 /* EventAPIProtocols.swift */,
				BEE373742E7AF251002C9178 /* EventAPIService.swift */,
			);
			path = EventAPIService;
			sourceTree = "<group>";
		};
		BEE373762E7B01D4002C9178 /* Test */ = {
			isa = PBXGroup;
			children = (
				BEE373772E7B0201002C9178 /* APISmokeVC.swift */,
			);
			path = Test;
			sourceTree = "<group>";
		};
/* End PBXGroup section */

/* Begin PBXNativeTarget section */
		676E2BE52E6F36470074641F /* EvenHub */ = {
			isa = PBXNativeTarget;
			buildConfigurationList = 676E2BF92E6F36480074641F /* Build configuration list for PBXNativeTarget "EvenHub" */;
			buildPhases = (
				676E2BE22E6F36470074641F /* Sources */,
				676E2BE32E6F36470074641F /* Frameworks */,
				676E2BE42E6F36470074641F /* Resources */,
			);
			buildRules = (
			);
			dependencies = (
			);
			fileSystemSynchronizedGroups = (
				1B540A1A2E730ED600E9C3F3 /* OnboardingModule */,
				1B540B822E78501600E9C3F3 /* ProfileModule */,
				1B540B972E7977A300E9C3F3 /* FavoritesModule */,
				1B540D242E7AC89B00E9C3F3 /* SeeAllModule */,
				1B540D582E7AEFDD00E9C3F3 /* CoreData */,
				223640C32E7722EE0078BBC9 /* CustomTabBar */,
				22E8C8CB2E79BCE4003A2717 /* Events */,
				6EC0D1B62E802DEB00D37E99 /* Authentication Module */,
				9F7CF2F52E7F2F1A0022A1C2 /* SearchScreen */,
				9FE3FA202E75F02A00344DEF /* Extension */,
				9FE3FB0C2E7ADDC400344DEF /* Controllers */,
				9FE3FB0D2E7ADDD200344DEF /* ViewModels */,
			);
			name = EvenHub;
			packageProductDependencies = (
				6EC0D1C62E802FF500D37E99 /* GoogleSignIn */,
				6EC0D1C82E802FF500D37E99 /* GoogleSignInSwift */,
				6EC0D1CB2E80303C00D37E99 /* FirebaseAuth */,
				6EC0D1CD2E80303C00D37E99 /* FirebaseCore */,
				6EC0D1CF2E80303C00D37E99 /* FirebaseStorage */,
				9F7CF4D02E80C2F90022A1C2 /* Kingfisher */,
			);
			productName = EvenHub;
			productReference = 676E2BE62E6F36470074641F /* EvenHub.app */;
			productType = "com.apple.product-type.application";
		};
/* End PBXNativeTarget section */

/* Begin PBXProject section */
		676E2BDE2E6F36470074641F /* Project object */ = {
			isa = PBXProject;
			attributes = {
				BuildIndependentTargetsInParallel = 1;
				LastSwiftUpdateCheck = 1630;
				LastUpgradeCheck = 1630;
				TargetAttributes = {
					676E2BE52E6F36470074641F = {
						CreatedOnToolsVersion = 16.3;
					};
				};
			};
			buildConfigurationList = 676E2BE12E6F36470074641F /* Build configuration list for PBXProject "EvenHub" */;
			developmentRegion = en;
			hasScannedForEncodings = 0;
			knownRegions = (
				en,
				Base,
			);
			mainGroup = 676E2BDD2E6F36470074641F;
			minimizedProjectReferenceProxies = 1;
			packageReferences = (
				6EC0D1C52E802FF500D37E99 /* XCRemoteSwiftPackageReference "GoogleSignIn-iOS" */,
				6EC0D1CA2E80303C00D37E99 /* XCRemoteSwiftPackageReference "firebase-ios-sdk" */,
				9F7CF4CF2E80C2F90022A1C2 /* XCRemoteSwiftPackageReference "Kingfisher" */,
			);
			preferredProjectObjectVersion = 77;
			productRefGroup = 676E2BE72E6F36470074641F /* Products */;
			projectDirPath = "";
			projectRoot = "";
			targets = (
				676E2BE52E6F36470074641F /* EvenHub */,
			);
		};
/* End PBXProject section */

/* Begin PBXResourcesBuildPhase section */
		676E2BE42E6F36470074641F /* Resources */ = {
			isa = PBXResourcesBuildPhase;
			buildActionMask = 2147483647;
			files = (
				6E5FE8142E730E6C00104B1A /* Assets.xcassets in Resources */,
				2266857A2E7C1B7600BF6318 /* LaunchScreen.storyboard in Resources */,
				6EC0D1C42E802E0E00D37E99 /* GoogleService-Info.plist in Resources */,
				6E5FEA6D2E74666600104B1A /* AirbnbCereal_W_Lt.otf in Resources */,
				6E5FEA6E2E74666600104B1A /* AirbnbCereal_W_Bk.otf in Resources */,
				6E5FEA6F2E74666600104B1A /* AirbnbCereal_W_Bd.otf in Resources */,
				6E5FEA702E74666600104B1A /* AirbnbCereal_W_Blk.otf in Resources */,
				6E5FEA712E74666600104B1A /* AirbnbCereal_W_Md.otf in Resources */,
				6E5FEA722E74666600104B1A /* AirbnbCereal_W_XBd.otf in Resources */,
			);
			runOnlyForDeploymentPostprocessing = 0;
		};
/* End PBXResourcesBuildPhase section */

/* Begin PBXSourcesBuildPhase section */
		676E2BE22E6F36470074641F /* Sources */ = {
			isa = PBXSourcesBuildPhase;
			buildActionMask = 2147483647;
			files = (
				9FE3FA4A2E76B06000344DEF /* SearchTextField.swift in Sources */,
				676E2C162E7097B20074641F /* AppDelegate.swift in Sources */,
				BEDECD0C2E7D8E8200618361 /* AppCoordinator.swift in Sources */,
				BEE373782E7B0201002C9178 /* APISmokeVC.swift in Sources */,
				676E2C172E7097B20074641F /* EventDetailsVC.swift in Sources */,
				676E2C182E7097B20074641F /* SceneDelegate.swift in Sources */,
				BEDECD0A2E7D8ACB00618361 /* AppAssembly.swift in Sources */,
				BEDECD0E2E7DADBB00618361 /* UDAppStateStore.swift in Sources */,
				BEE373702E7AE9B1002C9178 /* EventAPISpec.swift in Sources */,
				BEE3722A2E72EE1B002C9178 /* EventDTO.swift in Sources */,
				67BFCC072E748562003B13A9 /* EventDetailsCell.swift in Sources */,
				BEE373752E7AF251002C9178 /* EventAPIService.swift in Sources */,
				676E2C192E7097B20074641F /* ViewController.swift in Sources */,
				6E5FE8122E730E6C00104B1A /* Constants.swift in Sources */,
				BEE372242E72EBAA002C9178 /* MovieDTO.swift in Sources */,
				67BFCCF32E759DBC003B13A9 /* ShareVC.swift in Sources */,
				9FE3FAFB2E79644800344DEF /* ExploreTableViewCell.swift in Sources */,
				BEE372222E72EAAE002C9178 /* ListDTO.swift in Sources */,
				9FE3F9D32E75C8C800344DEF /* ExploreCollectionHeader.swift in Sources */,
				BEE3736C2E7AE94B002C9178 /* APIClient.swift in Sources */,
				9FE3F9D52E75C8C800344DEF /* ExploreCollectionViewCell.swift in Sources */,
				BEE372282E72EDF8002C9178 /* SearchEventDTO.swift in Sources */,
				9FE3FA3A2E75F81300344DEF /* ExploreCellDateView.swift in Sources */,
				BEE372262E72EC7D002C9178 /* TodayEventDTO.swift in Sources */,
				BEE373732E7AED21002C9178 /* EventAPIProtocols.swift in Sources */,
				BEE3736E2E7AE97E002C9178 /* NetworkError.swift in Sources */,
				9FE3FAFD2E798B4600344DEF /* ExploreCategoryCell.swift in Sources */,
			);
			runOnlyForDeploymentPostprocessing = 0;
		};
/* End PBXSourcesBuildPhase section */

/* Begin PBXVariantGroup section */
		6E5FE8102E730E6C00104B1A /* LaunchScreen.storyboard */ = {
			isa = PBXVariantGroup;
			children = (
				6E5FE80F2E730E6C00104B1A /* Base */,
			);
			name = LaunchScreen.storyboard;
			sourceTree = "<group>";
		};
/* End PBXVariantGroup section */

/* Begin XCBuildConfiguration section */
		676E2BFA2E6F36480074641F /* Debug */ = {
			isa = XCBuildConfiguration;
			buildSettings = {
				ASSETCATALOG_COMPILER_APPICON_NAME = AppIcon;
				ASSETCATALOG_COMPILER_GLOBAL_ACCENT_COLOR_NAME = AccentColor;
				CODE_SIGN_ENTITLEMENTS = EvenHub/EvenHub.entitlements;
				CODE_SIGN_IDENTITY = "Apple Development";
				CODE_SIGN_STYLE = Automatic;
				CURRENT_PROJECT_VERSION = 1;
				DEVELOPMENT_TEAM = "";
				GENERATE_INFOPLIST_FILE = YES;
				INFOPLIST_FILE = EvenHub/Info.plist;
				INFOPLIST_KEY_UIApplicationSupportsIndirectInputEvents = YES;
				INFOPLIST_KEY_UILaunchStoryboardName = LaunchScreen;
				INFOPLIST_KEY_UISupportedInterfaceOrientations_iPad = "UIInterfaceOrientationPortrait UIInterfaceOrientationPortraitUpsideDown UIInterfaceOrientationLandscapeLeft UIInterfaceOrientationLandscapeRight";
				INFOPLIST_KEY_UISupportedInterfaceOrientations_iPhone = "UIInterfaceOrientationPortrait UIInterfaceOrientationLandscapeLeft UIInterfaceOrientationLandscapeRight";
				IPHONEOS_DEPLOYMENT_TARGET = 16.0;
				LD_RUNPATH_SEARCH_PATHS = (
					"$(inherited)",
					"@executable_path/Frameworks",
				);
				MARKETING_VERSION = 1.0;
				PRODUCT_BUNDLE_IDENTIFIER = "com.ilnur.EvenHub-";
				PRODUCT_NAME = "$(TARGET_NAME)";
				PROVISIONING_PROFILE_SPECIFIER = "";
				SWIFT_EMIT_LOC_STRINGS = YES;
				SWIFT_VERSION = 5.0;
				TARGETED_DEVICE_FAMILY = "1,2";
			};
			name = Debug;
		};
		676E2BFB2E6F36480074641F /* Release */ = {
			isa = XCBuildConfiguration;
			buildSettings = {
				ASSETCATALOG_COMPILER_APPICON_NAME = AppIcon;
				ASSETCATALOG_COMPILER_GLOBAL_ACCENT_COLOR_NAME = AccentColor;
				CODE_SIGN_ENTITLEMENTS = EvenHub/EvenHub.entitlements;
				CODE_SIGN_IDENTITY = "Apple Development";
				CODE_SIGN_STYLE = Automatic;
				CURRENT_PROJECT_VERSION = 1;
				DEVELOPMENT_TEAM = "";
				GENERATE_INFOPLIST_FILE = YES;
				INFOPLIST_FILE = EvenHub/Info.plist;
				INFOPLIST_KEY_UIApplicationSupportsIndirectInputEvents = YES;
				INFOPLIST_KEY_UILaunchStoryboardName = LaunchScreen;
				INFOPLIST_KEY_UISupportedInterfaceOrientations_iPad = "UIInterfaceOrientationPortrait UIInterfaceOrientationPortraitUpsideDown UIInterfaceOrientationLandscapeLeft UIInterfaceOrientationLandscapeRight";
				INFOPLIST_KEY_UISupportedInterfaceOrientations_iPhone = "UIInterfaceOrientationPortrait UIInterfaceOrientationLandscapeLeft UIInterfaceOrientationLandscapeRight";
				IPHONEOS_DEPLOYMENT_TARGET = 16.0;
				LD_RUNPATH_SEARCH_PATHS = (
					"$(inherited)",
					"@executable_path/Frameworks",
				);
				MARKETING_VERSION = 1.0;
				PRODUCT_BUNDLE_IDENTIFIER = "com.ilnur.EvenHub-";
				PRODUCT_NAME = "$(TARGET_NAME)";
				PROVISIONING_PROFILE_SPECIFIER = "";
				SWIFT_EMIT_LOC_STRINGS = YES;
				SWIFT_VERSION = 5.0;
				TARGETED_DEVICE_FAMILY = "1,2";
			};
			name = Release;
		};
		676E2BFC2E6F36480074641F /* Debug */ = {
			isa = XCBuildConfiguration;
			buildSettings = {
				ALWAYS_SEARCH_USER_PATHS = NO;
				ASSETCATALOG_COMPILER_GENERATE_SWIFT_ASSET_SYMBOL_EXTENSIONS = YES;
				CLANG_ANALYZER_NONNULL = YES;
				CLANG_ANALYZER_NUMBER_OBJECT_CONVERSION = YES_AGGRESSIVE;
				CLANG_CXX_LANGUAGE_STANDARD = "gnu++20";
				CLANG_ENABLE_MODULES = YES;
				CLANG_ENABLE_OBJC_ARC = YES;
				CLANG_ENABLE_OBJC_WEAK = YES;
				CLANG_WARN_BLOCK_CAPTURE_AUTORELEASING = YES;
				CLANG_WARN_BOOL_CONVERSION = YES;
				CLANG_WARN_COMMA = YES;
				CLANG_WARN_CONSTANT_CONVERSION = YES;
				CLANG_WARN_DEPRECATED_OBJC_IMPLEMENTATIONS = YES;
				CLANG_WARN_DIRECT_OBJC_ISA_USAGE = YES_ERROR;
				CLANG_WARN_DOCUMENTATION_COMMENTS = YES;
				CLANG_WARN_EMPTY_BODY = YES;
				CLANG_WARN_ENUM_CONVERSION = YES;
				CLANG_WARN_INFINITE_RECURSION = YES;
				CLANG_WARN_INT_CONVERSION = YES;
				CLANG_WARN_NON_LITERAL_NULL_CONVERSION = YES;
				CLANG_WARN_OBJC_IMPLICIT_RETAIN_SELF = YES;
				CLANG_WARN_OBJC_LITERAL_CONVERSION = YES;
				CLANG_WARN_OBJC_ROOT_CLASS = YES_ERROR;
				CLANG_WARN_QUOTED_INCLUDE_IN_FRAMEWORK_HEADER = YES;
				CLANG_WARN_RANGE_LOOP_ANALYSIS = YES;
				CLANG_WARN_STRICT_PROTOTYPES = YES;
				CLANG_WARN_SUSPICIOUS_MOVE = YES;
				CLANG_WARN_UNGUARDED_AVAILABILITY = YES_AGGRESSIVE;
				CLANG_WARN_UNREACHABLE_CODE = YES;
				CLANG_WARN__DUPLICATE_METHOD_MATCH = YES;
				COPY_PHASE_STRIP = NO;
				DEBUG_INFORMATION_FORMAT = dwarf;
				ENABLE_STRICT_OBJC_MSGSEND = YES;
				ENABLE_TESTABILITY = YES;
				ENABLE_USER_SCRIPT_SANDBOXING = YES;
				GCC_C_LANGUAGE_STANDARD = gnu17;
				GCC_DYNAMIC_NO_PIC = NO;
				GCC_NO_COMMON_BLOCKS = YES;
				GCC_OPTIMIZATION_LEVEL = 0;
				GCC_PREPROCESSOR_DEFINITIONS = (
					"DEBUG=1",
					"$(inherited)",
				);
				GCC_WARN_64_TO_32_BIT_CONVERSION = YES;
				GCC_WARN_ABOUT_RETURN_TYPE = YES_ERROR;
				GCC_WARN_UNDECLARED_SELECTOR = YES;
				GCC_WARN_UNINITIALIZED_AUTOS = YES_AGGRESSIVE;
				GCC_WARN_UNUSED_FUNCTION = YES;
				GCC_WARN_UNUSED_VARIABLE = YES;
				IPHONEOS_DEPLOYMENT_TARGET = 16.0;
				LOCALIZATION_PREFERS_STRING_CATALOGS = YES;
				MTL_ENABLE_DEBUG_INFO = INCLUDE_SOURCE;
				MTL_FAST_MATH = YES;
				ONLY_ACTIVE_ARCH = YES;
				SDKROOT = iphoneos;
				SWIFT_ACTIVE_COMPILATION_CONDITIONS = "DEBUG $(inherited)";
				SWIFT_OPTIMIZATION_LEVEL = "-Onone";
			};
			name = Debug;
		};
		676E2BFD2E6F36480074641F /* Release */ = {
			isa = XCBuildConfiguration;
			buildSettings = {
				ALWAYS_SEARCH_USER_PATHS = NO;
				ASSETCATALOG_COMPILER_GENERATE_SWIFT_ASSET_SYMBOL_EXTENSIONS = YES;
				CLANG_ANALYZER_NONNULL = YES;
				CLANG_ANALYZER_NUMBER_OBJECT_CONVERSION = YES_AGGRESSIVE;
				CLANG_CXX_LANGUAGE_STANDARD = "gnu++20";
				CLANG_ENABLE_MODULES = YES;
				CLANG_ENABLE_OBJC_ARC = YES;
				CLANG_ENABLE_OBJC_WEAK = YES;
				CLANG_WARN_BLOCK_CAPTURE_AUTORELEASING = YES;
				CLANG_WARN_BOOL_CONVERSION = YES;
				CLANG_WARN_COMMA = YES;
				CLANG_WARN_CONSTANT_CONVERSION = YES;
				CLANG_WARN_DEPRECATED_OBJC_IMPLEMENTATIONS = YES;
				CLANG_WARN_DIRECT_OBJC_ISA_USAGE = YES_ERROR;
				CLANG_WARN_DOCUMENTATION_COMMENTS = YES;
				CLANG_WARN_EMPTY_BODY = YES;
				CLANG_WARN_ENUM_CONVERSION = YES;
				CLANG_WARN_INFINITE_RECURSION = YES;
				CLANG_WARN_INT_CONVERSION = YES;
				CLANG_WARN_NON_LITERAL_NULL_CONVERSION = YES;
				CLANG_WARN_OBJC_IMPLICIT_RETAIN_SELF = YES;
				CLANG_WARN_OBJC_LITERAL_CONVERSION = YES;
				CLANG_WARN_OBJC_ROOT_CLASS = YES_ERROR;
				CLANG_WARN_QUOTED_INCLUDE_IN_FRAMEWORK_HEADER = YES;
				CLANG_WARN_RANGE_LOOP_ANALYSIS = YES;
				CLANG_WARN_STRICT_PROTOTYPES = YES;
				CLANG_WARN_SUSPICIOUS_MOVE = YES;
				CLANG_WARN_UNGUARDED_AVAILABILITY = YES_AGGRESSIVE;
				CLANG_WARN_UNREACHABLE_CODE = YES;
				CLANG_WARN__DUPLICATE_METHOD_MATCH = YES;
				COPY_PHASE_STRIP = NO;
				DEBUG_INFORMATION_FORMAT = "dwarf-with-dsym";
				ENABLE_NS_ASSERTIONS = NO;
				ENABLE_STRICT_OBJC_MSGSEND = YES;
				ENABLE_USER_SCRIPT_SANDBOXING = YES;
				GCC_C_LANGUAGE_STANDARD = gnu17;
				GCC_NO_COMMON_BLOCKS = YES;
				GCC_WARN_64_TO_32_BIT_CONVERSION = YES;
				GCC_WARN_ABOUT_RETURN_TYPE = YES_ERROR;
				GCC_WARN_UNDECLARED_SELECTOR = YES;
				GCC_WARN_UNINITIALIZED_AUTOS = YES_AGGRESSIVE;
				GCC_WARN_UNUSED_FUNCTION = YES;
				GCC_WARN_UNUSED_VARIABLE = YES;
				IPHONEOS_DEPLOYMENT_TARGET = 16.0;
				LOCALIZATION_PREFERS_STRING_CATALOGS = YES;
				MTL_ENABLE_DEBUG_INFO = NO;
				MTL_FAST_MATH = YES;
				SDKROOT = iphoneos;
				SWIFT_COMPILATION_MODE = wholemodule;
				VALIDATE_PRODUCT = YES;
			};
			name = Release;
		};
/* End XCBuildConfiguration section */

/* Begin XCConfigurationList section */
		676E2BE12E6F36470074641F /* Build configuration list for PBXProject "EvenHub" */ = {
			isa = XCConfigurationList;
			buildConfigurations = (
				676E2BFC2E6F36480074641F /* Debug */,
				676E2BFD2E6F36480074641F /* Release */,
			);
			defaultConfigurationIsVisible = 0;
			defaultConfigurationName = Release;
		};
		676E2BF92E6F36480074641F /* Build configuration list for PBXNativeTarget "EvenHub" */ = {
			isa = XCConfigurationList;
			buildConfigurations = (
				676E2BFA2E6F36480074641F /* Debug */,
				676E2BFB2E6F36480074641F /* Release */,
			);
			defaultConfigurationIsVisible = 0;
			defaultConfigurationName = Release;
		};
/* End XCConfigurationList section */

/* Begin XCRemoteSwiftPackageReference section */
		6EC0D1C52E802FF500D37E99 /* XCRemoteSwiftPackageReference "GoogleSignIn-iOS" */ = {
			isa = XCRemoteSwiftPackageReference;
			repositoryURL = "https://github.com/google/GoogleSignIn-iOS";
			requirement = {
				kind = upToNextMajorVersion;
				minimumVersion = 9.0.0;
			};
		};
		6EC0D1CA2E80303C00D37E99 /* XCRemoteSwiftPackageReference "firebase-ios-sdk" */ = {
			isa = XCRemoteSwiftPackageReference;
			repositoryURL = "https://github.com/firebase/firebase-ios-sdk";
			requirement = {
				kind = upToNextMajorVersion;
				minimumVersion = 12.3.0;
			};
		};
		9F7CF4CF2E80C2F90022A1C2 /* XCRemoteSwiftPackageReference "Kingfisher" */ = {
			isa = XCRemoteSwiftPackageReference;
			repositoryURL = "https://github.com/onevcat/Kingfisher.git";
			requirement = {
				kind = upToNextMajorVersion;
				minimumVersion = 8.5.0;
			};
		};
/* End XCRemoteSwiftPackageReference section */

/* Begin XCSwiftPackageProductDependency section */
		6EC0D1C62E802FF500D37E99 /* GoogleSignIn */ = {
			isa = XCSwiftPackageProductDependency;
			package = 6EC0D1C52E802FF500D37E99 /* XCRemoteSwiftPackageReference "GoogleSignIn-iOS" */;
			productName = GoogleSignIn;
		};
		6EC0D1C82E802FF500D37E99 /* GoogleSignInSwift */ = {
			isa = XCSwiftPackageProductDependency;
			package = 6EC0D1C52E802FF500D37E99 /* XCRemoteSwiftPackageReference "GoogleSignIn-iOS" */;
			productName = GoogleSignInSwift;
		};
		6EC0D1CB2E80303C00D37E99 /* FirebaseAuth */ = {
			isa = XCSwiftPackageProductDependency;
			package = 6EC0D1CA2E80303C00D37E99 /* XCRemoteSwiftPackageReference "firebase-ios-sdk" */;
			productName = FirebaseAuth;
		};
		6EC0D1CD2E80303C00D37E99 /* FirebaseCore */ = {
			isa = XCSwiftPackageProductDependency;
			package = 6EC0D1CA2E80303C00D37E99 /* XCRemoteSwiftPackageReference "firebase-ios-sdk" */;
			productName = FirebaseCore;
		};
		6EC0D1CF2E80303C00D37E99 /* FirebaseStorage */ = {
			isa = XCSwiftPackageProductDependency;
			package = 6EC0D1CA2E80303C00D37E99 /* XCRemoteSwiftPackageReference "firebase-ios-sdk" */;
			productName = FirebaseStorage;
		};
		9F7CF4D02E80C2F90022A1C2 /* Kingfisher */ = {
			isa = XCSwiftPackageProductDependency;
			package = 9F7CF4CF2E80C2F90022A1C2 /* XCRemoteSwiftPackageReference "Kingfisher" */;
			productName = Kingfisher;
		};
/* End XCSwiftPackageProductDependency section */
	};
	rootObject = 676E2BDE2E6F36470074641F /* Project object */;
}
