// !$*UTF8*$!
{
	archiveVersion = 1;
	classes = {
	};
	objectVersion = 77;
	objects = {

/* Begin PBXBuildFile section */
		676E2C162E7097B20074641F /* AppDelegate.swift in Sources */ = {isa = PBXBuildFile; fileRef = 676E2C0D2E7097B20074641F /* AppDelegate.swift */; };
		676E2C172E7097B20074641F /* EventDetailsVC.swift in Sources */ = {isa = PBXBuildFile; fileRef = 676E2C0F2E7097B20074641F /* EventDetailsVC.swift */; };
		676E2C182E7097B20074641F /* SceneDelegate.swift in Sources */ = {isa = PBXBuildFile; fileRef = 676E2C132E7097B20074641F /* SceneDelegate.swift */; };
		676E2C192E7097B20074641F /* ViewController.swift in Sources */ = {isa = PBXBuildFile; fileRef = 676E2C142E7097B20074641F /* ViewController.swift */; };
		67BFCC072E748562003B13A9 /* EventDetailsCell.swift in Sources */ = {isa = PBXBuildFile; fileRef = 67BFCC062E748562003B13A9 /* EventDetailsCell.swift */; };
		67BFCCF32E759DBC003B13A9 /* ShareVC.swift in Sources */ = {isa = PBXBuildFile; fileRef = 67BFCCF22E759DBC003B13A9 /* ShareVC.swift */; };
		6E5FE8122E730E6C00104B1A /* Constants.swift in Sources */ = {isa = PBXBuildFile; fileRef = 6E5FE80E2E730E6C00104B1A /* Constants.swift */; };
		6E5FE8142E730E6C00104B1A /* Assets.xcassets in Resources */ = {isa = PBXBuildFile; fileRef = 6E5FE80D2E730E6C00104B1A /* Assets.xcassets */; };
		6E5FEA6D2E74666600104B1A /* AirbnbCereal_W_Lt.otf in Resources */ = {isa = PBXBuildFile; fileRef = 6E5FEA6A2E74666600104B1A /* AirbnbCereal_W_Lt.otf */; };
		6E5FEA6E2E74666600104B1A /* AirbnbCereal_W_Bk.otf in Resources */ = {isa = PBXBuildFile; fileRef = 6E5FEA682E74666600104B1A /* AirbnbCereal_W_Bk.otf */; };
		6E5FEA6F2E74666600104B1A /* AirbnbCereal_W_Bd.otf in Resources */ = {isa = PBXBuildFile; fileRef = 6E5FEA672E74666600104B1A /* AirbnbCereal_W_Bd.otf */; };
		6E5FEA702E74666600104B1A /* AirbnbCereal_W_Blk.otf in Resources */ = {isa = PBXBuildFile; fileRef = 6E5FEA692E74666600104B1A /* AirbnbCereal_W_Blk.otf */; };
		6E5FEA712E74666600104B1A /* AirbnbCereal_W_Md.otf in Resources */ = {isa = PBXBuildFile; fileRef = 6E5FEA6B2E74666600104B1A /* AirbnbCereal_W_Md.otf */; };
		6E5FEA722E74666600104B1A /* AirbnbCereal_W_XBd.otf in Resources */ = {isa = PBXBuildFile; fileRef = 6E5FEA6C2E74666600104B1A /* AirbnbCereal_W_XBd.otf */; };
		BEE372222E72EAAE002C9178 /* ListDTO.swift in Sources */ = {isa = PBXBuildFile; fileRef = BEE372212E72EAAE002C9178 /* ListDTO.swift */; };
		BEE372242E72EBAA002C9178 /* MovieDTO.swift in Sources */ = {isa = PBXBuildFile; fileRef = BEE372232E72EBAA002C9178 /* MovieDTO.swift */; };
		BEE372262E72EC7D002C9178 /* TodayEventDTO.swift in Sources */ = {isa = PBXBuildFile; fileRef = BEE372252E72EC7D002C9178 /* TodayEventDTO.swift */; };
		BEE372282E72EDF8002C9178 /* SearchEventDTO.swift in Sources */ = {isa = PBXBuildFile; fileRef = BEE372272E72EDF8002C9178 /* SearchEventDTO.swift */; };
		BEE3722A2E72EE1B002C9178 /* EventDTO.swift in Sources */ = {isa = PBXBuildFile; fileRef = BEE372292E72EE1B002C9178 /* EventDTO.swift */; };
/* End PBXBuildFile section */

/* Begin PBXFileReference section */
		676E2BE62E6F36470074641F /* EvenHub.app */ = {isa = PBXFileReference; explicitFileType = wrapper.application; includeInIndex = 0; path = EvenHub.app; sourceTree = BUILT_PRODUCTS_DIR; };
		676E2C0D2E7097B20074641F /* AppDelegate.swift */ = {isa = PBXFileReference; lastKnownFileType = sourcecode.swift; path = AppDelegate.swift; sourceTree = "<group>"; };
		676E2C0F2E7097B20074641F /* EventDetailsVC.swift */ = {isa = PBXFileReference; lastKnownFileType = sourcecode.swift; path = EventDetailsVC.swift; sourceTree = "<group>"; };
		676E2C102E7097B20074641F /* Info.plist */ = {isa = PBXFileReference; lastKnownFileType = text.plist.xml; path = Info.plist; sourceTree = "<group>"; };
		676E2C132E7097B20074641F /* SceneDelegate.swift */ = {isa = PBXFileReference; lastKnownFileType = sourcecode.swift; path = SceneDelegate.swift; sourceTree = "<group>"; };
		676E2C142E7097B20074641F /* ViewController.swift */ = {isa = PBXFileReference; lastKnownFileType = sourcecode.swift; path = ViewController.swift; sourceTree = "<group>"; };
		67BFCC062E748562003B13A9 /* EventDetailsCell.swift */ = {isa = PBXFileReference; lastKnownFileType = sourcecode.swift; path = EventDetailsCell.swift; sourceTree = "<group>"; };
		67BFCCF22E759DBC003B13A9 /* ShareVC.swift */ = {isa = PBXFileReference; lastKnownFileType = sourcecode.swift; path = ShareVC.swift; sourceTree = "<group>"; };
		6E5FE80D2E730E6C00104B1A /* Assets.xcassets */ = {isa = PBXFileReference; lastKnownFileType = folder.assetcatalog; path = Assets.xcassets; sourceTree = "<group>"; };
		6E5FE80E2E730E6C00104B1A /* Constants.swift */ = {isa = PBXFileReference; lastKnownFileType = sourcecode.swift; path = Constants.swift; sourceTree = "<group>"; };
		6E5FE80F2E730E6C00104B1A /* Base */ = {isa = PBXFileReference; lastKnownFileType = file.storyboard; name = Base; path = Base.lproj/LaunchScreen.storyboard; sourceTree = "<group>"; };
		6E5FEA672E74666600104B1A /* AirbnbCereal_W_Bd.otf */ = {isa = PBXFileReference; lastKnownFileType = file; path = AirbnbCereal_W_Bd.otf; sourceTree = "<group>"; };
		6E5FEA682E74666600104B1A /* AirbnbCereal_W_Bk.otf */ = {isa = PBXFileReference; lastKnownFileType = file; path = AirbnbCereal_W_Bk.otf; sourceTree = "<group>"; };
		6E5FEA692E74666600104B1A /* AirbnbCereal_W_Blk.otf */ = {isa = PBXFileReference; lastKnownFileType = file; path = AirbnbCereal_W_Blk.otf; sourceTree = "<group>"; };
		6E5FEA6A2E74666600104B1A /* AirbnbCereal_W_Lt.otf */ = {isa = PBXFileReference; lastKnownFileType = file; path = AirbnbCereal_W_Lt.otf; sourceTree = "<group>"; };
		6E5FEA6B2E74666600104B1A /* AirbnbCereal_W_Md.otf */ = {isa = PBXFileReference; lastKnownFileType = file; path = AirbnbCereal_W_Md.otf; sourceTree = "<group>"; };
		6E5FEA6C2E74666600104B1A /* AirbnbCereal_W_XBd.otf */ = {isa = PBXFileReference; lastKnownFileType = file; path = AirbnbCereal_W_XBd.otf; sourceTree = "<group>"; };
		BEE372212E72EAAE002C9178 /* ListDTO.swift */ = {isa = PBXFileReference; lastKnownFileType = sourcecode.swift; path = ListDTO.swift; sourceTree = "<group>"; };
		BEE372232E72EBAA002C9178 /* MovieDTO.swift */ = {isa = PBXFileReference; lastKnownFileType = sourcecode.swift; path = MovieDTO.swift; sourceTree = "<group>"; };
		BEE372252E72EC7D002C9178 /* TodayEventDTO.swift */ = {isa = PBXFileReference; lastKnownFileType = sourcecode.swift; path = TodayEventDTO.swift; sourceTree = "<group>"; };
		BEE372272E72EDF8002C9178 /* SearchEventDTO.swift */ = {isa = PBXFileReference; lastKnownFileType = sourcecode.swift; path = SearchEventDTO.swift; sourceTree = "<group>"; };
		BEE372292E72EE1B002C9178 /* EventDTO.swift */ = {isa = PBXFileReference; lastKnownFileType = sourcecode.swift; path = EventDTO.swift; sourceTree = "<group>"; };
/* End PBXFileReference section */

/* Begin PBXFileSystemSynchronizedRootGroup section */
		1B540A1A2E730ED600E9C3F3 /* OnboardingModule */ = {
			isa = PBXFileSystemSynchronizedRootGroup;
			path = OnboardingModule;
			sourceTree = "<group>";
		};
/* End PBXFileSystemSynchronizedRootGroup section */

/* Begin PBXFrameworksBuildPhase section */
		676E2BE32E6F36470074641F /* Frameworks */ = {
			isa = PBXFrameworksBuildPhase;
			buildActionMask = 2147483647;
			files = (
			);
			runOnlyForDeploymentPostprocessing = 0;
		};
/* End PBXFrameworksBuildPhase section */

/* Begin PBXGroup section */
		676E2BDD2E6F36470074641F = {
			isa = PBXGroup;
			children = (
				676E2C152E7097B20074641F /* EvenHub */,
				676E2BE72E6F36470074641F /* Products */,
			);
			sourceTree = "<group>";
		};
		676E2BE72E6F36470074641F /* Products */ = {
			isa = PBXGroup;
			children = (
				676E2BE62E6F36470074641F /* EvenHub.app */,
			);
			name = Products;
			sourceTree = "<group>";
		};
		676E2C152E7097B20074641F /* EvenHub */ = {
			isa = PBXGroup;
			children = (
				67BFCCF12E759DA8003B13A9 /* ShareScreen */,
				1B540A1A2E730ED600E9C3F3 /* OnboardingModule */,
				BEE372202E72EA95002C9178 /* DTO */,
				676E2C0D2E7097B20074641F /* AppDelegate.swift */,
				676E2C1D2E7097B70074641F /* EventDetails */,
				676E2C102E7097B20074641F /* Info.plist */,
				676E2C132E7097B20074641F /* SceneDelegate.swift */,
				676E2C142E7097B20074641F /* ViewController.swift */,
				6E5FE8112E730E6C00104B1A /* Supporting FIles */,
			);
			path = EvenHub;
			sourceTree = "<group>";
		};
		676E2C1D2E7097B70074641F /* EventDetails */ = {
			isa = PBXGroup;
			children = (
				67BFCC062E748562003B13A9 /* EventDetailsCell.swift */,
				676E2C0F2E7097B20074641F /* EventDetailsVC.swift */,
			);
			path = EventDetails;
			sourceTree = "<group>";
		};
		67BFCCF12E759DA8003B13A9 /* ShareScreen */ = {
			isa = PBXGroup;
			children = (
				67BFCCF22E759DBC003B13A9 /* ShareVC.swift */,
			);
			path = ShareScreen;
			sourceTree = "<group>";
		};
		6E5FE80C2E730E6C00104B1A /* Fonts */ = {
			isa = PBXGroup;
			children = (
				6E5FEA672E74666600104B1A /* AirbnbCereal_W_Bd.otf */,
				6E5FEA682E74666600104B1A /* AirbnbCereal_W_Bk.otf */,
				6E5FEA692E74666600104B1A /* AirbnbCereal_W_Blk.otf */,
				6E5FEA6A2E74666600104B1A /* AirbnbCereal_W_Lt.otf */,
				6E5FEA6B2E74666600104B1A /* AirbnbCereal_W_Md.otf */,
				6E5FEA6C2E74666600104B1A /* AirbnbCereal_W_XBd.otf */,
			);
			path = Fonts;
			sourceTree = "<group>";
		};
		6E5FE8112E730E6C00104B1A /* Supporting FIles */ = {
			isa = PBXGroup;
			children = (
				6E5FE80C2E730E6C00104B1A /* Fonts */,
				6E5FE80D2E730E6C00104B1A /* Assets.xcassets */,
				6E5FE80E2E730E6C00104B1A /* Constants.swift */,
				6E5FE8102E730E6C00104B1A /* LaunchScreen.storyboard */,
			);
			path = "Supporting FIles";
			sourceTree = "<group>";
		};
		BEE372202E72EA95002C9178 /* DTO */ = {
			isa = PBXGroup;
			children = (
				BEE372212E72EAAE002C9178 /* ListDTO.swift */,
				BEE372232E72EBAA002C9178 /* MovieDTO.swift */,
				BEE372252E72EC7D002C9178 /* TodayEventDTO.swift */,
				BEE372272E72EDF8002C9178 /* SearchEventDTO.swift */,
				BEE372292E72EE1B002C9178 /* EventDTO.swift */,
			);
			path = DTO;
			sourceTree = "<group>";
		};
/* End PBXGroup section */

/* Begin PBXNativeTarget section */
		676E2BE52E6F36470074641F /* EvenHub */ = {
			isa = PBXNativeTarget;
			buildConfigurationList = 676E2BF92E6F36480074641F /* Build configuration list for PBXNativeTarget "EvenHub" */;
			buildPhases = (
				676E2BE22E6F36470074641F /* Sources */,
				676E2BE32E6F36470074641F /* Frameworks */,
				676E2BE42E6F36470074641F /* Resources */,
			);
			buildRules = (
			);
			dependencies = (
			);
			fileSystemSynchronizedGroups = (
				1B540A1A2E730ED600E9C3F3 /* OnboardingModule */,
			);
			name = EvenHub;
			packageProductDependencies = (
			);
			productName = EvenHub;
			productReference = 676E2BE62E6F36470074641F /* EvenHub.app */;
			productType = "com.apple.product-type.application";
		};
/* End PBXNativeTarget section */

/* Begin PBXProject section */
		676E2BDE2E6F36470074641F /* Project object */ = {
			isa = PBXProject;
			attributes = {
				BuildIndependentTargetsInParallel = 1;
				LastSwiftUpdateCheck = 1630;
				LastUpgradeCheck = 1630;
				TargetAttributes = {
					676E2BE52E6F36470074641F = {
						CreatedOnToolsVersion = 16.3;
					};
				};
			};
			buildConfigurationList = 676E2BE12E6F36470074641F /* Build configuration list for PBXProject "EvenHub" */;
			developmentRegion = en;
			hasScannedForEncodings = 0;
			knownRegions = (
				en,
				Base,
			);
			mainGroup = 676E2BDD2E6F36470074641F;
			minimizedProjectReferenceProxies = 1;
			preferredProjectObjectVersion = 77;
			productRefGroup = 676E2BE72E6F36470074641F /* Products */;
			projectDirPath = "";
			projectRoot = "";
			targets = (
				676E2BE52E6F36470074641F /* EvenHub */,
			);
		};
/* End PBXProject section */

/* Begin PBXResourcesBuildPhase section */
		676E2BE42E6F36470074641F /* Resources */ = {
			isa = PBXResourcesBuildPhase;
			buildActionMask = 2147483647;
			files = (
				6E5FE8142E730E6C00104B1A /* Assets.xcassets in Resources */,
				6E5FEA6D2E74666600104B1A /* AirbnbCereal_W_Lt.otf in Resources */,
				6E5FEA6E2E74666600104B1A /* AirbnbCereal_W_Bk.otf in Resources */,
				6E5FEA6F2E74666600104B1A /* AirbnbCereal_W_Bd.otf in Resources */,
				6E5FEA702E74666600104B1A /* AirbnbCereal_W_Blk.otf in Resources */,
				6E5FEA712E74666600104B1A /* AirbnbCereal_W_Md.otf in Resources */,
				6E5FEA722E74666600104B1A /* AirbnbCereal_W_XBd.otf in Resources */,
			);
			runOnlyForDeploymentPostprocessing = 0;
		};
/* End PBXResourcesBuildPhase section */

/* Begin PBXSourcesBuildPhase section */
		676E2BE22E6F36470074641F /* Sources */ = {
			isa = PBXSourcesBuildPhase;
			buildActionMask = 2147483647;
			files = (
				676E2C162E7097B20074641F /* AppDelegate.swift in Sources */,
				676E2C172E7097B20074641F /* EventDetailsVC.swift in Sources */,
				676E2C182E7097B20074641F /* SceneDelegate.swift in Sources */,
				BEE3722A2E72EE1B002C9178 /* EventDTO.swift in Sources */,
				67BFCC072E748562003B13A9 /* EventDetailsCell.swift in Sources */,
				676E2C192E7097B20074641F /* ViewController.swift in Sources */,
				6E5FE8122E730E6C00104B1A /* Constants.swift in Sources */,
				BEE372242E72EBAA002C9178 /* MovieDTO.swift in Sources */,
				67BFCCF32E759DBC003B13A9 /* ShareVC.swift in Sources */,
				BEE372222E72EAAE002C9178 /* ListDTO.swift in Sources */,
				BEE372282E72EDF8002C9178 /* SearchEventDTO.swift in Sources */,
				BEE372262E72EC7D002C9178 /* TodayEventDTO.swift in Sources */,
			);
			runOnlyForDeploymentPostprocessing = 0;
		};
/* End PBXSourcesBuildPhase section */

/* Begin PBXVariantGroup section */
		6E5FE8102E730E6C00104B1A /* LaunchScreen.storyboard */ = {
			isa = PBXVariantGroup;
			children = (
				6E5FE80F2E730E6C00104B1A /* Base */,
			);
			name = LaunchScreen.storyboard;
			sourceTree = "<group>";
		};
/* End PBXVariantGroup section */

/* Begin XCBuildConfiguration section */
		676E2BFA2E6F36480074641F /* Debug */ = {
			isa = XCBuildConfiguration;
			buildSettings = {
				ASSETCATALOG_COMPILER_APPICON_NAME = AppIcon;
				ASSETCATALOG_COMPILER_GLOBAL_ACCENT_COLOR_NAME = AccentColor;
				CODE_SIGN_IDENTITY = "Apple Development";
				CODE_SIGN_STYLE = Automatic;
				CURRENT_PROJECT_VERSION = 1;
				DEVELOPMENT_TEAM = W2TKN5Z766;
				GENERATE_INFOPLIST_FILE = YES;
				INFOPLIST_FILE = EvenHub/Info.plist;
				INFOPLIST_KEY_UIApplicationSupportsIndirectInputEvents = YES;
				INFOPLIST_KEY_UILaunchStoryboardName = LaunchScreen;
				INFOPLIST_KEY_UISupportedInterfaceOrientations_iPad = "UIInterfaceOrientationPortrait UIInterfaceOrientationPortraitUpsideDown UIInterfaceOrientationLandscapeLeft UIInterfaceOrientationLandscapeRight";
				INFOPLIST_KEY_UISupportedInterfaceOrientations_iPhone = "UIInterfaceOrientationPortrait UIInterfaceOrientationLandscapeLeft UIInterfaceOrientationLandscapeRight";
				IPHONEOS_DEPLOYMENT_TARGET = 16.0;
				LD_RUNPATH_SEARCH_PATHS = (
					"$(inherited)",
					"@executable_path/Frameworks",
				);
				MARKETING_VERSION = 1.0;
				PRODUCT_BUNDLE_IDENTIFIER = "com.ilnur.EvenHub-";
				PRODUCT_NAME = "$(TARGET_NAME)";
				PROVISIONING_PROFILE_SPECIFIER = "";
				SWIFT_EMIT_LOC_STRINGS = YES;
				SWIFT_VERSION = 5.0;
				TARGETED_DEVICE_FAMILY = "1,2";
			};
			name = Debug;
		};
		676E2BFB2E6F36480074641F /* Release */ = {
			isa = XCBuildConfiguration;
			buildSettings = {
				ASSETCATALOG_COMPILER_APPICON_NAME = AppIcon;
				ASSETCATALOG_COMPILER_GLOBAL_ACCENT_COLOR_NAME = AccentColor;
				CODE_SIGN_IDENTITY = "Apple Development";
				CODE_SIGN_STYLE = Automatic;
				CURRENT_PROJECT_VERSION = 1;
				DEVELOPMENT_TEAM = W2TKN5Z766;
				GENERATE_INFOPLIST_FILE = YES;
				INFOPLIST_FILE = EvenHub/Info.plist;
				INFOPLIST_KEY_UIApplicationSupportsIndirectInputEvents = YES;
				INFOPLIST_KEY_UILaunchStoryboardName = LaunchScreen;
				INFOPLIST_KEY_UISupportedInterfaceOrientations_iPad = "UIInterfaceOrientationPortrait UIInterfaceOrientationPortraitUpsideDown UIInterfaceOrientationLandscapeLeft UIInterfaceOrientationLandscapeRight";
				INFOPLIST_KEY_UISupportedInterfaceOrientations_iPhone = "UIInterfaceOrientationPortrait UIInterfaceOrientationLandscapeLeft UIInterfaceOrientationLandscapeRight";
				IPHONEOS_DEPLOYMENT_TARGET = 16.0;
				LD_RUNPATH_SEARCH_PATHS = (
					"$(inherited)",
					"@executable_path/Frameworks",
				);
				MARKETING_VERSION = 1.0;
				PRODUCT_BUNDLE_IDENTIFIER = "com.ilnur.EvenHub-";
				PRODUCT_NAME = "$(TARGET_NAME)";
				PROVISIONING_PROFILE_SPECIFIER = "";
				SWIFT_EMIT_LOC_STRINGS = YES;
				SWIFT_VERSION = 5.0;
				TARGETED_DEVICE_FAMILY = "1,2";
			};
			name = Release;
		};
		676E2BFC2E6F36480074641F /* Debug */ = {
			isa = XCBuildConfiguration;
			buildSettings = {
				ALWAYS_SEARCH_USER_PATHS = NO;
				ASSETCATALOG_COMPILER_GENERATE_SWIFT_ASSET_SYMBOL_EXTENSIONS = YES;
				CLANG_ANALYZER_NONNULL = YES;
				CLANG_ANALYZER_NUMBER_OBJECT_CONVERSION = YES_AGGRESSIVE;
				CLANG_CXX_LANGUAGE_STANDARD = "gnu++20";
				CLANG_ENABLE_MODULES = YES;
				CLANG_ENABLE_OBJC_ARC = YES;
				CLANG_ENABLE_OBJC_WEAK = YES;
				CLANG_WARN_BLOCK_CAPTURE_AUTORELEASING = YES;
				CLANG_WARN_BOOL_CONVERSION = YES;
				CLANG_WARN_COMMA = YES;
				CLANG_WARN_CONSTANT_CONVERSION = YES;
				CLANG_WARN_DEPRECATED_OBJC_IMPLEMENTATIONS = YES;
				CLANG_WARN_DIRECT_OBJC_ISA_USAGE = YES_ERROR;
				CLANG_WARN_DOCUMENTATION_COMMENTS = YES;
				CLANG_WARN_EMPTY_BODY = YES;
				CLANG_WARN_ENUM_CONVERSION = YES;
				CLANG_WARN_INFINITE_RECURSION = YES;
				CLANG_WARN_INT_CONVERSION = YES;
				CLANG_WARN_NON_LITERAL_NULL_CONVERSION = YES;
				CLANG_WARN_OBJC_IMPLICIT_RETAIN_SELF = YES;
				CLANG_WARN_OBJC_LITERAL_CONVERSION = YES;
				CLANG_WARN_OBJC_ROOT_CLASS = YES_ERROR;
				CLANG_WARN_QUOTED_INCLUDE_IN_FRAMEWORK_HEADER = YES;
				CLANG_WARN_RANGE_LOOP_ANALYSIS = YES;
				CLANG_WARN_STRICT_PROTOTYPES = YES;
				CLANG_WARN_SUSPICIOUS_MOVE = YES;
				CLANG_WARN_UNGUARDED_AVAILABILITY = YES_AGGRESSIVE;
				CLANG_WARN_UNREACHABLE_CODE = YES;
				CLANG_WARN__DUPLICATE_METHOD_MATCH = YES;
				COPY_PHASE_STRIP = NO;
				DEBUG_INFORMATION_FORMAT = dwarf;
				ENABLE_STRICT_OBJC_MSGSEND = YES;
				ENABLE_TESTABILITY = YES;
				ENABLE_USER_SCRIPT_SANDBOXING = YES;
				GCC_C_LANGUAGE_STANDARD = gnu17;
				GCC_DYNAMIC_NO_PIC = NO;
				GCC_NO_COMMON_BLOCKS = YES;
				GCC_OPTIMIZATION_LEVEL = 0;
				GCC_PREPROCESSOR_DEFINITIONS = (
					"DEBUG=1",
					"$(inherited)",
				);
				GCC_WARN_64_TO_32_BIT_CONVERSION = YES;
				GCC_WARN_ABOUT_RETURN_TYPE = YES_ERROR;
				GCC_WARN_UNDECLARED_SELECTOR = YES;
				GCC_WARN_UNINITIALIZED_AUTOS = YES_AGGRESSIVE;
				GCC_WARN_UNUSED_FUNCTION = YES;
				GCC_WARN_UNUSED_VARIABLE = YES;
				IPHONEOS_DEPLOYMENT_TARGET = 16.0;
				LOCALIZATION_PREFERS_STRING_CATALOGS = YES;
				MTL_ENABLE_DEBUG_INFO = INCLUDE_SOURCE;
				MTL_FAST_MATH = YES;
				ONLY_ACTIVE_ARCH = YES;
				SDKROOT = iphoneos;
				SWIFT_ACTIVE_COMPILATION_CONDITIONS = "DEBUG $(inherited)";
				SWIFT_OPTIMIZATION_LEVEL = "-Onone";
			};
			name = Debug;
		};
		676E2BFD2E6F36480074641F /* Release */ = {
			isa = XCBuildConfiguration;
			buildSettings = {
				ALWAYS_SEARCH_USER_PATHS = NO;
				ASSETCATALOG_COMPILER_GENERATE_SWIFT_ASSET_SYMBOL_EXTENSIONS = YES;
				CLANG_ANALYZER_NONNULL = YES;
				CLANG_ANALYZER_NUMBER_OBJECT_CONVERSION = YES_AGGRESSIVE;
				CLANG_CXX_LANGUAGE_STANDARD = "gnu++20";
				CLANG_ENABLE_MODULES = YES;
				CLANG_ENABLE_OBJC_ARC = YES;
				CLANG_ENABLE_OBJC_WEAK = YES;
				CLANG_WARN_BLOCK_CAPTURE_AUTORELEASING = YES;
				CLANG_WARN_BOOL_CONVERSION = YES;
				CLANG_WARN_COMMA = YES;
				CLANG_WARN_CONSTANT_CONVERSION = YES;
				CLANG_WARN_DEPRECATED_OBJC_IMPLEMENTATIONS = YES;
				CLANG_WARN_DIRECT_OBJC_ISA_USAGE = YES_ERROR;
				CLANG_WARN_DOCUMENTATION_COMMENTS = YES;
				CLANG_WARN_EMPTY_BODY = YES;
				CLANG_WARN_ENUM_CONVERSION = YES;
				CLANG_WARN_INFINITE_RECURSION = YES;
				CLANG_WARN_INT_CONVERSION = YES;
				CLANG_WARN_NON_LITERAL_NULL_CONVERSION = YES;
				CLANG_WARN_OBJC_IMPLICIT_RETAIN_SELF = YES;
				CLANG_WARN_OBJC_LITERAL_CONVERSION = YES;
				CLANG_WARN_OBJC_ROOT_CLASS = YES_ERROR;
				CLANG_WARN_QUOTED_INCLUDE_IN_FRAMEWORK_HEADER = YES;
				CLANG_WARN_RANGE_LOOP_ANALYSIS = YES;
				CLANG_WARN_STRICT_PROTOTYPES = YES;
				CLANG_WARN_SUSPICIOUS_MOVE = YES;
				CLANG_WARN_UNGUARDED_AVAILABILITY = YES_AGGRESSIVE;
				CLANG_WARN_UNREACHABLE_CODE = YES;
				CLANG_WARN__DUPLICATE_METHOD_MATCH = YES;
				COPY_PHASE_STRIP = NO;
				DEBUG_INFORMATION_FORMAT = "dwarf-with-dsym";
				ENABLE_NS_ASSERTIONS = NO;
				ENABLE_STRICT_OBJC_MSGSEND = YES;
				ENABLE_USER_SCRIPT_SANDBOXING = YES;
				GCC_C_LANGUAGE_STANDARD = gnu17;
				GCC_NO_COMMON_BLOCKS = YES;
				GCC_WARN_64_TO_32_BIT_CONVERSION = YES;
				GCC_WARN_ABOUT_RETURN_TYPE = YES_ERROR;
				GCC_WARN_UNDECLARED_SELECTOR = YES;
				GCC_WARN_UNINITIALIZED_AUTOS = YES_AGGRESSIVE;
				GCC_WARN_UNUSED_FUNCTION = YES;
				GCC_WARN_UNUSED_VARIABLE = YES;
				IPHONEOS_DEPLOYMENT_TARGET = 16.0;
				LOCALIZATION_PREFERS_STRING_CATALOGS = YES;
				MTL_ENABLE_DEBUG_INFO = NO;
				MTL_FAST_MATH = YES;
				SDKROOT = iphoneos;
				SWIFT_COMPILATION_MODE = wholemodule;
				VALIDATE_PRODUCT = YES;
			};
			name = Release;
		};
/* End XCBuildConfiguration section */

/* Begin XCConfigurationList section */
		676E2BE12E6F36470074641F /* Build configuration list for PBXProject "EvenHub" */ = {
			isa = XCConfigurationList;
			buildConfigurations = (
				676E2BFC2E6F36480074641F /* Debug */,
				676E2BFD2E6F36480074641F /* Release */,
			);
			defaultConfigurationIsVisible = 0;
			defaultConfigurationName = Release;
		};
		676E2BF92E6F36480074641F /* Build configuration list for PBXNativeTarget "EvenHub" */ = {
			isa = XCConfigurationList;
			buildConfigurations = (
				676E2BFA2E6F36480074641F /* Debug */,
				676E2BFB2E6F36480074641F /* Release */,
			);
			defaultConfigurationIsVisible = 0;
			defaultConfigurationName = Release;
		};
/* End XCConfigurationList section */
	};
	rootObject = 676E2BDE2E6F36470074641F /* Project object */;
}
